
Microsoft Visual Studio Solution File, Format Version 12.00
# Visual Studio 15
VisualStudioVersion = 15.0.28307.421
MinimumVisualStudioVersion = 10.0.40219.1
Project("{9A19103F-16F7-4668-BE54-9A1E7A4F7556}") = "MammalsCore", "MammalsCore\MammalsCore.csproj", "{9008F423-5EF4-41AC-B8C5-EBC744C26A2D}"
EndProject
Project("{9A19103F-16F7-4668-BE54-9A1E7A4F7556}") = "DAL", "DAL\DAL.csproj", "{39E208DC-0456-49AB-814C-00200232BA0C}"
EndProject
Project("{9A19103F-16F7-4668-BE54-9A1E7A4F7556}") = "Logic", "Logic\Logic.csproj", "{30C41ABF-9513-4802-9E5B-F59DA0D52725}"
EndProject
Project("{9A19103F-16F7-4668-BE54-9A1E7A4F7556}") = "Models", "Models\Models.csproj", "{3844047D-7BF4-4CB7-9F88-A6437030DB17}"
EndProject
Project("{FAE04EC0-301F-11D3-BF4B-00C04F79EFBC}") = "MammalsUnitTests", "MammalsUnitTests\MammalsUnitTests.csproj", "{6E8F002F-0BF2-4101-904E-999A8A4D7E11}"
EndProject
Global
	GlobalSection(SolutionConfigurationPlatforms) = preSolution
		Debug|Any CPU = Debug|Any CPU
		Release|Any CPU = Release|Any CPU
	EndGlobalSection
	GlobalSection(ProjectConfigurationPlatforms) = postSolution
		{9008F423-5EF4-41AC-B8C5-EBC744C26A2D}.Debug|Any CPU.ActiveCfg = Debug|Any CPU
		{9008F423-5EF4-41AC-B8C5-EBC744C26A2D}.Debug|Any CPU.Build.0 = Debug|Any CPU
		{9008F423-5EF4-41AC-B8C5-EBC744C26A2D}.Release|Any CPU.ActiveCfg = Release|Any CPU
		{9008F423-5EF4-41AC-B8C5-EBC744C26A2D}.Release|Any CPU.Build.0 = Release|Any CPU
		{39E208DC-0456-49AB-814C-00200232BA0C}.Debug|Any CPU.ActiveCfg = Debug|Any CPU
		{39E208DC-0456-49AB-814C-00200232BA0C}.Debug|Any CPU.Build.0 = Debug|Any CPU
		{39E208DC-0456-49AB-814C-00200232BA0C}.Release|Any CPU.ActiveCfg = Release|Any CPU
		{39E208DC-0456-49AB-814C-00200232BA0C}.Release|Any CPU.Build.0 = Release|Any CPU
		{30C41ABF-9513-4802-9E5B-F59DA0D52725}.Debug|Any CPU.ActiveCfg = Debug|Any CPU
		{30C41ABF-9513-4802-9E5B-F59DA0D52725}.Debug|Any CPU.Build.0 = Debug|Any CPU
		{30C41ABF-9513-4802-9E5B-F59DA0D52725}.Release|Any CPU.ActiveCfg = Release|Any CPU
		{30C41ABF-9513-4802-9E5B-F59DA0D52725}.Release|Any CPU.Build.0 = Release|Any CPU
		{3844047D-7BF4-4CB7-9F88-A6437030DB17}.Debug|Any CPU.ActiveCfg = Debug|Any CPU
		{3844047D-7BF4-4CB7-9F88-A6437030DB17}.Debug|Any CPU.Build.0 = Debug|Any CPU
		{3844047D-7BF4-4CB7-9F88-A6437030DB17}.Release|Any CPU.ActiveCfg = Release|Any CPU
		{3844047D-7BF4-4CB7-9F88-A6437030DB17}.Release|Any CPU.Build.0 = Release|Any CPU
		{6E8F002F-0BF2-4101-904E-999A8A4D7E11}.Debug|Any CPU.ActiveCfg = Debug|Any CPU
		{6E8F002F-0BF2-4101-904E-999A8A4D7E11}.Debug|Any CPU.Build.0 = Debug|Any CPU
		{6E8F002F-0BF2-4101-904E-999A8A4D7E11}.Release|Any CPU.ActiveCfg = Release|Any CPU
		{6E8F002F-0BF2-4101-904E-999A8A4D7E11}.Release|Any CPU.Build.0 = Release|Any CPU
	EndGlobalSection
	GlobalSection(SolutionProperties) = preSolution
		HideSolutionNode = FALSE
	EndGlobalSection
	GlobalSection(ExtensibilityGlobals) = postSolution
		SolutionGuid = {A18BAC73-F420-44D3-9F97-A6B32097B103}
	EndGlobalSection
EndGlobal
