
Microsoft Visual Studio Solution File, Format Version 12.00
# Visual Studio 15
VisualStudioVersion = 15.0.28307.421
MinimumVisualStudioVersion = 10.0.40219.1
Project("{FAE04EC0-301F-11D3-BF4B-00C04F79EFBC}") = "MammalsCore", "MammalsCore\MammalsCore.csproj", "{9008F423-5EF4-41AC-B8C5-EBC744C26A2D}"
EndProject
Global
	GlobalSection(SolutionConfigurationPlatforms) = preSolution
		Debug|Any CPU = Debug|Any CPU
		Release|Any CPU = Release|Any CPU
	EndGlobalSection
	GlobalSection(ProjectConfigurationPlatforms) = postSolution
		{9008F423-5EF4-41AC-B8C5-EBC744C26A2D}.Debug|Any CPU.ActiveCfg = Debug|Any CPU
		{9008F423-5EF4-41AC-B8C5-EBC744C26A2D}.Debug|Any CPU.Build.0 = Debug|Any CPU
		{9008F423-5EF4-41AC-B8C5-EBC744C26A2D}.Release|Any CPU.ActiveCfg = Release|Any CPU
		{9008F423-5EF4-41AC-B8C5-EBC744C26A2D}.Release|Any CPU.Build.0 = Release|Any CPU
	EndGlobalSection
	GlobalSection(SolutionProperties) = preSolution
		HideSolutionNode = FALSE
	EndGlobalSection
	GlobalSection(ExtensibilityGlobals) = postSolution
		SolutionGuid = {A18BAC73-F420-44D3-9F97-A6B32097B103}
	EndGlobalSection
EndGlobal
